
Microsoft Visual Studio Solution File, Format Version 12.00
# Visual Studio Version 17
VisualStudioVersion = 17.5.33414.496
MinimumVisualStudioVersion = 10.0.40219.1
Project("{9A19103F-16F7-4668-BE54-9A1E7A4F7556}") = "NetDeveloperTask", "NetDeveloperTask\NetDeveloperTask.csproj", "{AF0E690C-2A34-418B-83BD-59D20C7F49CF}"
EndProject
Project("{FAE04EC0-301F-11D3-BF4B-00C04F79EFBC}") = "AppData", "AppData\AppData.csproj", "{0514F04F-9CC9-4C4D-AE0D-0CF354AC2D6F}"
EndProject
Global
	GlobalSection(SolutionConfigurationPlatforms) = preSolution
		Debug|Any CPU = Debug|Any CPU
		Release|Any CPU = Release|Any CPU
	EndGlobalSection
	GlobalSection(ProjectConfigurationPlatforms) = postSolution
		{AF0E690C-2A34-418B-83BD-59D20C7F49CF}.Debug|Any CPU.ActiveCfg = Debug|Any CPU
		{AF0E690C-2A34-418B-83BD-59D20C7F49CF}.Debug|Any CPU.Build.0 = Debug|Any CPU
		{AF0E690C-2A34-418B-83BD-59D20C7F49CF}.Release|Any CPU.ActiveCfg = Release|Any CPU
		{AF0E690C-2A34-418B-83BD-59D20C7F49CF}.Release|Any CPU.Build.0 = Release|Any CPU
		{0514F04F-9CC9-4C4D-AE0D-0CF354AC2D6F}.Debug|Any CPU.ActiveCfg = Debug|Any CPU
		{0514F04F-9CC9-4C4D-AE0D-0CF354AC2D6F}.Debug|Any CPU.Build.0 = Debug|Any CPU
		{0514F04F-9CC9-4C4D-AE0D-0CF354AC2D6F}.Release|Any CPU.ActiveCfg = Release|Any CPU
		{0514F04F-9CC9-4C4D-AE0D-0CF354AC2D6F}.Release|Any CPU.Build.0 = Release|Any CPU
	EndGlobalSection
	GlobalSection(SolutionProperties) = preSolution
		HideSolutionNode = FALSE
	EndGlobalSection
	GlobalSection(ExtensibilityGlobals) = postSolution
		SolutionGuid = {C2DD65E8-8263-4694-923F-7E5A86C899E4}
	EndGlobalSection
EndGlobal
